FORGE
  remote: http://forge.puppetlabs.com
  specs:
    adenning/winfacts (0.0.3)
    badgerious/windows_env (2.0.2)
    glarizza/property_list_key (0.2.0)
    grahamgilbert/mac_facts (0.4.0)
    hunner/wordpress (0.5.1)
      puppetlabs/concat (>= 1.0.0)
      puppetlabs/mysql (>= 2.1.0)
      puppetlabs/stdlib (>= 2.3.1)
    joshcooper/powershell (0.0.6)
    mosen/cups (1.2.1)
    puppetlabs/apache (0.9.0)
      puppetlabs/concat (>= 1.0.0)
      puppetlabs/stdlib (>= 2.4.0)
    puppetlabs/apt (1.4.0)
      puppetlabs/stdlib (>= 2.2.1)
    puppetlabs/concat (1.0.0-rc1)
    puppetlabs/firewall (0.4.2)
    puppetlabs/inifile (1.0.0)
    puppetlabs/mysql (2.1.0)
      puppetlabs/stdlib (>= 2.2.1)
    puppetlabs/ntp (3.0.1)
      puppetlabs/stdlib (>= 0.1.6)
    puppetlabs/postgresql (3.2.0)
      puppetlabs/apt (< 2.0.0, >= 1.1.0)
      puppetlabs/concat (< 2.0.0, >= 1.0.0)
      puppetlabs/firewall (>= 0.0.4)
      puppetlabs/stdlib (< 5.0.0, >= 3.2.0)
    puppetlabs/puppetdb (3.0.0)
      puppetlabs/firewall (>= 0.0.4)
      puppetlabs/inifile (~> 1)
      puppetlabs/postgresql (< 4.0.0, >= 3.1.0)
      puppetlabs/stdlib (>= 2.2.0)
    puppetlabs/registry (0.1.2)
      puppetlabs/stdlib (>= 2.3.0)
    puppetlabs/stdlib (4.1.0)
    puppetlabs/vcsrepo (0.2.0)
    rcoleman/mac_profiles_handler (0.2.0)

GIT
  remote: https://github.com/chocolatey/puppet-chocolatey.git
  ref: master
  sha: 686b1aa1577aeb295f50cbc39ca695510c16c69b
  specs:
    chocolatey (0.0.2)

GIT
  remote: https://github.com/liamjbennett/puppet-windows_eventlog.git
  ref: master
  sha: fa401f88c9fb4ffeb47e682b0628789f3053bd79
  specs:
    windows_eventlog (0.0.1)

GIT
  remote: https://github.com/nastechnology/git.git
  ref: master
  sha: 81850d3597a31b02d26ed757cb383cf46ff9e25e
  specs:
    git (0.1.0)
      puppetlabs/vcsrepo (>= 0.1.2)

GIT
  remote: https://github.com/nastechnology/munkiclient.git
  ref: master
  sha: 0728f0ee7d7c8f56832ff997a10405e66ae7cf55
  specs:
    munkiclient (0.0.1)

GIT
  remote: https://github.com/nastechnology/nacs_management.git
  ref: master
  sha: de4d129322a1668c3648b524a39569c44d4a90c2
  specs:
    nacs_management (0.2.1)
      puppetlabs/registry (>= 0.1.1)

GIT
  remote: https://github.com/nastechnology/puppet-dhcp
  ref: master
  sha: ad1d0edeb4a43d2aca89b5fcf11376340eeae988
  specs:
    dhcp (0.1.1)

GIT
  remote: https://github.com/nastechnology/puppetlabs-registry.git
  ref: master
  sha: 9b7e91242f325f5419e050a3ed10883f5e2c1494
  specs:
    registry (0.1.4)
      puppetlabs/stdlib (>= 2.3.0)

GIT
  remote: https://github.com/nastechnology/setacl.git
  ref: master
  sha: 42421697de2f30a1094b78b09a3fed99e801d559
  specs:
    setacl (0.0.1)

DEPENDENCIES
  adenning/winfacts (>= 0)
  badgerious/windows_env (>= 0)
  chocolatey (>= 0)
  dhcp (>= 0)
  git (>= 0)
  glarizza/property_list_key (>= 0)
  grahamgilbert/mac_facts (>= 0)
  hunner/wordpress (>= 0)
  joshcooper/powershell (>= 0)
  mosen/cups (>= 0)
  munkiclient (>= 0)
  nacs_management (>= 0)
  puppetlabs/apache (>= 0)
  puppetlabs/apt (>= 0)
  puppetlabs/concat (>= 0)
  puppetlabs/inifile (= 1.0.0)
  puppetlabs/ntp (>= 0)
  puppetlabs/postgresql (>= 0)
  puppetlabs/puppetdb (>= 0)
  puppetlabs/stdlib (>= 0)
  puppetlabs/vcsrepo (>= 0)
  rcoleman/mac_profiles_handler (>= 0)
  registry (>= 0)
  setacl (>= 0)
  windows_eventlog (>= 0)

